// !$*UTF8*$!
{
	archiveVersion = 1;
	classes = {
	};
	objectVersion = 46;
	objects = {

/* Begin PBXBuildFile section */
		7B6BE7661A89CD030010B6AE /* URLer.swift in Sources */ = {isa = PBXBuildFile; fileRef = 7B6BE7651A89CD030010B6AE /* URLer.swift */; };
		7B702BD91A7F49FC005228D2 /* json.swift in Sources */ = {isa = PBXBuildFile; fileRef = 7B702BD81A7F49FC005228D2 /* json.swift */; };
		7BFCD8051A7EC47A004D6F4E /* AppDelegate.swift in Sources */ = {isa = PBXBuildFile; fileRef = 7BFCD8041A7EC47A004D6F4E /* AppDelegate.swift */; };
		7BFCD8081A7EC47A004D6F4E /* URLer.xcdatamodeld in Sources */ = {isa = PBXBuildFile; fileRef = 7BFCD8061A7EC47A004D6F4E /* URLer.xcdatamodeld */; };
		7BFCD80A1A7EC47A004D6F4E /* ViewController.swift in Sources */ = {isa = PBXBuildFile; fileRef = 7BFCD8091A7EC47A004D6F4E /* ViewController.swift */; };
		7BFCD80D1A7EC47A004D6F4E /* Main.storyboard in Resources */ = {isa = PBXBuildFile; fileRef = 7BFCD80B1A7EC47A004D6F4E /* Main.storyboard */; };
		7BFCD80F1A7EC47A004D6F4E /* Images.xcassets in Resources */ = {isa = PBXBuildFile; fileRef = 7BFCD80E1A7EC47A004D6F4E /* Images.xcassets */; };
		7BFCD8121A7EC47A004D6F4E /* LaunchScreen.xib in Resources */ = {isa = PBXBuildFile; fileRef = 7BFCD8101A7EC47A004D6F4E /* LaunchScreen.xib */; };
		7BFCD81E1A7EC47A004D6F4E /* URLerTests.swift in Sources */ = {isa = PBXBuildFile; fileRef = 7BFCD81D1A7EC47A004D6F4E /* URLerTests.swift */; };
/* End PBXBuildFile section */

/* Begin PBXContainerItemProxy section */
		7BFCD8181A7EC47A004D6F4E /* PBXContainerItemProxy */ = {
			isa = PBXContainerItemProxy;
			containerPortal = 7BFCD7F71A7EC47A004D6F4E /* Project object */;
			proxyType = 1;
			remoteGlobalIDString = 7BFCD7FE1A7EC47A004D6F4E;
			remoteInfo = URLer;
		};
/* End PBXContainerItemProxy section */

/* Begin PBXFileReference section */
		7B6BE7651A89CD030010B6AE /* URLer.swift */ = {isa = PBXFileReference; fileEncoding = 4; lastKnownFileType = sourcecode.swift; path = URLer.swift; sourceTree = "<group>"; };
		7B702BD81A7F49FC005228D2 /* json.swift */ = {isa = PBXFileReference; fileEncoding = 4; lastKnownFileType = sourcecode.swift; name = json.swift; path = "../../../../../../Users/jeffery/Downloads/swift-json-master/json/json.swift"; sourceTree = "<group>"; };
		7BFCD7FF1A7EC47A004D6F4E /* URLer.app */ = {isa = PBXFileReference; explicitFileType = wrapper.application; includeInIndex = 0; path = URLer.app; sourceTree = BUILT_PRODUCTS_DIR; };
		7BFCD8031A7EC47A004D6F4E /* Info.plist */ = {isa = PBXFileReference; lastKnownFileType = text.plist.xml; path = Info.plist; sourceTree = "<group>"; };
		7BFCD8041A7EC47A004D6F4E /* AppDelegate.swift */ = {isa = PBXFileReference; lastKnownFileType = sourcecode.swift; path = AppDelegate.swift; sourceTree = "<group>"; };
		7BFCD8071A7EC47A004D6F4E /* URLer.xcdatamodel */ = {isa = PBXFileReference; lastKnownFileType = wrapper.xcdatamodel; path = URLer.xcdatamodel; sourceTree = "<group>"; };
		7BFCD8091A7EC47A004D6F4E /* ViewController.swift */ = {isa = PBXFileReference; lastKnownFileType = sourcecode.swift; path = ViewController.swift; sourceTree = "<group>"; };
		7BFCD80C1A7EC47A004D6F4E /* Base */ = {isa = PBXFileReference; lastKnownFileType = file.storyboard; name = Base; path = Base.lproj/Main.storyboard; sourceTree = "<group>"; };
		7BFCD80E1A7EC47A004D6F4E /* Images.xcassets */ = {isa = PBXFileReference; lastKnownFileType = folder.assetcatalog; path = Images.xcassets; sourceTree = "<group>"; };
		7BFCD8111A7EC47A004D6F4E /* Base */ = {isa = PBXFileReference; lastKnownFileType = file.xib; name = Base; path = Base.lproj/LaunchScreen.xib; sourceTree = "<group>"; };
		7BFCD8171A7EC47A004D6F4E /* URLerTests.xctest */ = {isa = PBXFileReference; explicitFileType = wrapper.cfbundle; includeInIndex = 0; path = URLerTests.xctest; sourceTree = BUILT_PRODUCTS_DIR; };
		7BFCD81C1A7EC47A004D6F4E /* Info.plist */ = {isa = PBXFileReference; lastKnownFileType = text.plist.xml; path = Info.plist; sourceTree = "<group>"; };
		7BFCD81D1A7EC47A004D6F4E /* URLerTests.swift */ = {isa = PBXFileReference; lastKnownFileType = sourcecode.swift; path = URLerTests.swift; sourceTree = "<group>"; };
/* End PBXFileReference section */

/* Begin PBXFrameworksBuildPhase section */
		7BFCD7FC1A7EC47A004D6F4E /* Frameworks */ = {
			isa = PBXFrameworksBuildPhase;
			buildActionMask = 2147483647;
			files = (
			);
			runOnlyForDeploymentPostprocessing = 0;
		};
		7BFCD8141A7EC47A004D6F4E /* Frameworks */ = {
			isa = PBXFrameworksBuildPhase;
			buildActionMask = 2147483647;
			files = (
			);
			runOnlyForDeploymentPostprocessing = 0;
		};
/* End PBXFrameworksBuildPhase section */

/* Begin PBXGroup section */
		7BFCD7F61A7EC47A004D6F4E = {
			isa = PBXGroup;
			children = (
				7BFCD8011A7EC47A004D6F4E /* URLer */,
				7BFCD81A1A7EC47A004D6F4E /* URLerTests */,
				7BFCD8001A7EC47A004D6F4E /* Products */,
			);
			sourceTree = "<group>";
		};
		7BFCD8001A7EC47A004D6F4E /* Products */ = {
			isa = PBXGroup;
			children = (
				7BFCD7FF1A7EC47A004D6F4E /* URLer.app */,
				7BFCD8171A7EC47A004D6F4E /* URLerTests.xctest */,
			);
			name = Products;
			sourceTree = "<group>";
		};
		7BFCD8011A7EC47A004D6F4E /* URLer */ = {
			isa = PBXGroup;
			children = (
				7B702BD81A7F49FC005228D2 /* json.swift */,
				7BFCD8041A7EC47A004D6F4E /* AppDelegate.swift */,
				7BFCD8091A7EC47A004D6F4E /* ViewController.swift */,
				7BFCD80B1A7EC47A004D6F4E /* Main.storyboard */,
				7BFCD80E1A7EC47A004D6F4E /* Images.xcassets */,
				7BFCD8101A7EC47A004D6F4E /* LaunchScreen.xib */,
				7BFCD8061A7EC47A004D6F4E /* URLer.xcdatamodeld */,
				7B6BE7651A89CD030010B6AE /* URLer.swift */,
				7BFCD8021A7EC47A004D6F4E /* Supporting Files */,
			);
			path = URLer;
			sourceTree = "<group>";
		};
		7BFCD8021A7EC47A004D6F4E /* Supporting Files */ = {
			isa = PBXGroup;
			children = (
				7BFCD8031A7EC47A004D6F4E /* Info.plist */,
			);
			name = "Supporting Files";
			sourceTree = "<group>";
		};
		7BFCD81A1A7EC47A004D6F4E /* URLerTests */ = {
			isa = PBXGroup;
			children = (
				7BFCD81D1A7EC47A004D6F4E /* URLerTests.swift */,
				7BFCD81B1A7EC47A004D6F4E /* Supporting Files */,
			);
			path = URLerTests;
			sourceTree = "<group>";
		};
		7BFCD81B1A7EC47A004D6F4E /* Supporting Files */ = {
			isa = PBXGroup;
			children = (
				7BFCD81C1A7EC47A004D6F4E /* Info.plist */,
			);
			name = "Supporting Files";
			sourceTree = "<group>";
		};
/* End PBXGroup section */

/* Begin PBXNativeTarget section */
		7BFCD7FE1A7EC47A004D6F4E /* URLer */ = {
			isa = PBXNativeTarget;
			buildConfigurationList = 7BFCD8211A7EC47A004D6F4E /* Build configuration list for PBXNativeTarget "URLer" */;
			buildPhases = (
				7BFCD7FB1A7EC47A004D6F4E /* Sources */,
				7BFCD7FC1A7EC47A004D6F4E /* Frameworks */,
				7BFCD7FD1A7EC47A004D6F4E /* Resources */,
			);
			buildRules = (
			);
			dependencies = (
			);
			name = URLer;
			productName = URLer;
			productReference = 7BFCD7FF1A7EC47A004D6F4E /* URLer.app */;
			productType = "com.apple.product-type.application";
		};
		7BFCD8161A7EC47A004D6F4E /* URLerTests */ = {
			isa = PBXNativeTarget;
			buildConfigurationList = 7BFCD8241A7EC47A004D6F4E /* Build configuration list for PBXNativeTarget "URLerTests" */;
			buildPhases = (
				7BFCD8131A7EC47A004D6F4E /* Sources */,
				7BFCD8141A7EC47A004D6F4E /* Frameworks */,
				7BFCD8151A7EC47A004D6F4E /* Resources */,
			);
			buildRules = (
			);
			dependencies = (
				7BFCD8191A7EC47A004D6F4E /* PBXTargetDependency */,
			);
			name = URLerTests;
			productName = URLerTests;
			productReference = 7BFCD8171A7EC47A004D6F4E /* URLerTests.xctest */;
			productType = "com.apple.product-type.bundle.unit-test";
		};
/* End PBXNativeTarget section */

/* Begin PBXProject section */
		7BFCD7F71A7EC47A004D6F4E /* Project object */ = {
			isa = PBXProject;
			attributes = {
				LastUpgradeCheck = 0610;
				ORGANIZATIONNAME = PermanentRecord;
				TargetAttributes = {
					7BFCD7FE1A7EC47A004D6F4E = {
						CreatedOnToolsVersion = 6.1.1;
					};
					7BFCD8161A7EC47A004D6F4E = {
						CreatedOnToolsVersion = 6.1.1;
						TestTargetID = 7BFCD7FE1A7EC47A004D6F4E;
					};
				};
			};
			buildConfigurationList = 7BFCD7FA1A7EC47A004D6F4E /* Build configuration list for PBXProject "URLer" */;
			compatibilityVersion = "Xcode 3.2";
			developmentRegion = English;
			hasScannedForEncodings = 0;
			knownRegions = (
				en,
				Base,
			);
			mainGroup = 7BFCD7F61A7EC47A004D6F4E;
			productRefGroup = 7BFCD8001A7EC47A004D6F4E /* Products */;
			projectDirPath = "";
			projectRoot = "";
			targets = (
				7BFCD7FE1A7EC47A004D6F4E /* URLer */,
				7BFCD8161A7EC47A004D6F4E /* URLerTests */,
			);
		};
/* End PBXProject section */

/* Begin PBXResourcesBuildPhase section */
		7BFCD7FD1A7EC47A004D6F4E /* Resources */ = {
			isa = PBXResourcesBuildPhase;
			buildActionMask = 2147483647;
			files = (
				7BFCD80D1A7EC47A004D6F4E /* Main.storyboard in Resources */,
				7BFCD8121A7EC47A004D6F4E /* LaunchScreen.xib in Resources */,
				7BFCD80F1A7EC47A004D6F4E /* Images.xcassets in Resources */,
			);
			runOnlyForDeploymentPostprocessing = 0;
		};
		7BFCD8151A7EC47A004D6F4E /* Resources */ = {
			isa = PBXResourcesBuildPhase;
			buildActionMask = 2147483647;
			files = (
			);
			runOnlyForDeploymentPostprocessing = 0;
		};
/* End PBXResourcesBuildPhase section */

/* Begin PBXSourcesBuildPhase section */
		7BFCD7FB1A7EC47A004D6F4E /* Sources */ = {
			isa = PBXSourcesBuildPhase;
			buildActionMask = 2147483647;
			files = (
				7BFCD80A1A7EC47A004D6F4E /* ViewController.swift in Sources */,
				7BFCD8081A7EC47A004D6F4E /* URLer.xcdatamodeld in Sources */,
				7BFCD8051A7EC47A004D6F4E /* AppDelegate.swift in Sources */,
				7B6BE7661A89CD030010B6AE /* URLer.swift in Sources */,
				7B702BD91A7F49FC005228D2 /* json.swift in Sources */,
			);
			runOnlyForDeploymentPostprocessing = 0;
		};
		7BFCD8131A7EC47A004D6F4E /* Sources */ = {
			isa = PBXSourcesBuildPhase;
			buildActionMask = 2147483647;
			files = (
				7BFCD81E1A7EC47A004D6F4E /* URLerTests.swift in Sources */,
			);
			runOnlyForDeploymentPostprocessing = 0;
		};
/* End PBXSourcesBuildPhase section */

/* Begin PBXTargetDependency section */
		7BFCD8191A7EC47A004D6F4E /* PBXTargetDependency */ = {
			isa = PBXTargetDependency;
			target = 7BFCD7FE1A7EC47A004D6F4E /* URLer */;
			targetProxy = 7BFCD8181A7EC47A004D6F4E /* PBXContainerItemProxy */;
		};
/* End PBXTargetDependency section */

/* Begin PBXVariantGroup section */
		7BFCD80B1A7EC47A004D6F4E /* Main.storyboard */ = {
			isa = PBXVariantGroup;
			children = (
				7BFCD80C1A7EC47A004D6F4E /* Base */,
			);
			name = Main.storyboard;
			sourceTree = "<group>";
		};
		7BFCD8101A7EC47A004D6F4E /* LaunchScreen.xib */ = {
			isa = PBXVariantGroup;
			children = (
				7BFCD8111A7EC47A004D6F4E /* Base */,
			);
			name = LaunchScreen.xib;
			sourceTree = "<group>";
		};
/* End PBXVariantGroup section */

/* Begin XCBuildConfiguration section */
		7BFCD81F1A7EC47A004D6F4E /* Debug */ = {
			isa = XCBuildConfiguration;
			buildSettings = {
				ALWAYS_SEARCH_USER_PATHS = NO;
				CLANG_CXX_LANGUAGE_STANDARD = "gnu++0x";
				CLANG_CXX_LIBRARY = "libc++";
				CLANG_ENABLE_MODULES = YES;
				CLANG_ENABLE_OBJC_ARC = YES;
				CLANG_WARN_BOOL_CONVERSION = YES;
				CLANG_WARN_CONSTANT_CONVERSION = YES;
				CLANG_WARN_DIRECT_OBJC_ISA_USAGE = YES_ERROR;
				CLANG_WARN_EMPTY_BODY = YES;
				CLANG_WARN_ENUM_CONVERSION = YES;
				CLANG_WARN_INT_CONVERSION = YES;
				CLANG_WARN_OBJC_ROOT_CLASS = YES_ERROR;
				CLANG_WARN_UNREACHABLE_CODE = YES;
				CLANG_WARN__DUPLICATE_METHOD_MATCH = YES;
				"CODE_SIGN_IDENTITY[sdk=iphoneos*]" = "iPhone Developer";
				COPY_PHASE_STRIP = NO;
				ENABLE_STRICT_OBJC_MSGSEND = YES;
				GCC_C_LANGUAGE_STANDARD = gnu99;
				GCC_DYNAMIC_NO_PIC = NO;
				GCC_OPTIMIZATION_LEVEL = 0;
				GCC_PREPROCESSOR_DEFINITIONS = (
					"DEBUG=1",
					"$(inherited)",
				);
				GCC_SYMBOLS_PRIVATE_EXTERN = NO;
				GCC_WARN_64_TO_32_BIT_CONVERSION = YES;
				GCC_WARN_ABOUT_RETURN_TYPE = YES_ERROR;
				GCC_WARN_UNDECLARED_SELECTOR = YES;
				GCC_WARN_UNINITIALIZED_AUTOS = YES_AGGRESSIVE;
				GCC_WARN_UNUSED_FUNCTION = YES;
				GCC_WARN_UNUSED_VARIABLE = YES;
				IPHONEOS_DEPLOYMENT_TARGET = 8.1;
				MTL_ENABLE_DEBUG_INFO = YES;
				ONLY_ACTIVE_ARCH = YES;
				SDKROOT = iphoneos;
				SWIFT_OPTIMIZATION_LEVEL = "-Onone";
				TARGETED_DEVICE_FAMILY = "1,2";
			};
			name = Debug;
		};
		7BFCD8201A7EC47A004D6F4E /* Release */ = {
			isa = XCBuildConfiguration;
			buildSettings = {
				ALWAYS_SEARCH_USER_PATHS = NO;
				CLANG_CXX_LANGUAGE_STANDARD = "gnu++0x";
				CLANG_CXX_LIBRARY = "libc++";
				CLANG_ENABLE_MODULES = YES;
				CLANG_ENABLE_OBJC_ARC = YES;
				CLANG_WARN_BOOL_CONVERSION = YES;
				CLANG_WARN_CONSTANT_CONVERSION = YES;
				CLANG_WARN_DIRECT_OBJC_ISA_USAGE = YES_ERROR;
				CLANG_WARN_EMPTY_BODY = YES;
				CLANG_WARN_ENUM_CONVERSION = YES;
				CLANG_WARN_INT_CONVERSION = YES;
				CLANG_WARN_OBJC_ROOT_CLASS = YES_ERROR;
				CLANG_WARN_UNREACHABLE_CODE = YES;
				CLANG_WARN__DUPLICATE_METHOD_MATCH = YES;
				"CODE_SIGN_IDENTITY[sdk=iphoneos*]" = "iPhone Developer";
				COPY_PHASE_STRIP = YES;
				ENABLE_NS_ASSERTIONS = NO;
				ENABLE_STRICT_OBJC_MSGSEND = YES;
				GCC_C_LANGUAGE_STANDARD = gnu99;
				GCC_WARN_64_TO_32_BIT_CONVERSION = YES;
				GCC_WARN_ABOUT_RETURN_TYPE = YES_ERROR;
				GCC_WARN_UNDECLARED_SELECTOR = YES;
				GCC_WARN_UNINITIALIZED_AUTOS = YES_AGGRESSIVE;
				GCC_WARN_UNUSED_FUNCTION = YES;
				GCC_WARN_UNUSED_VARIABLE = YES;
				IPHONEOS_DEPLOYMENT_TARGET = 8.1;
				MTL_ENABLE_DEBUG_INFO = NO;
				SDKROOT = iphoneos;
				TARGETED_DEVICE_FAMILY = "1,2";
				VALIDATE_PRODUCT = YES;
			};
			name = Release;
		};
		7BFCD8221A7EC47A004D6F4E /* Debug */ = {
			isa = XCBuildConfiguration;
			buildSettings = {
				ASSETCATALOG_COMPILER_APPICON_NAME = AppIcon;
				INFOPLIST_FILE = URLer/Info.plist;
				LD_RUNPATH_SEARCH_PATHS = "$(inherited) @executable_path/Frameworks";
				PRODUCT_NAME = "$(TARGET_NAME)";
			};
			name = Debug;
		};
		7BFCD8231A7EC47A004D6F4E /* Release */ = {
			isa = XCBuildConfiguration;
			buildSettings = {
				ASSETCATALOG_COMPILER_APPICON_NAME = AppIcon;
				INFOPLIST_FILE = URLer/Info.plist;
				LD_RUNPATH_SEARCH_PATHS = "$(inherited) @executable_path/Frameworks";
				PRODUCT_NAME = "$(TARGET_NAME)";
			};
			name = Release;
		};
		7BFCD8251A7EC47A004D6F4E /* Debug */ = {
			isa = XCBuildConfiguration;
			buildSettings = {
				BUNDLE_LOADER = "$(TEST_HOST)";
				FRAMEWORK_SEARCH_PATHS = (
					"$(SDKROOT)/Developer/Library/Frameworks",
					"$(inherited)",
				);
				GCC_PREPROCESSOR_DEFINITIONS = (
					"DEBUG=1",
					"$(inherited)",
				);
				INFOPLIST_FILE = URLerTests/Info.plist;
				LD_RUNPATH_SEARCH_PATHS = "$(inherited) @executable_path/Frameworks @loader_path/Frameworks";
				PRODUCT_NAME = "$(TARGET_NAME)";
				TEST_HOST = "$(BUILT_PRODUCTS_DIR)/URLer.app/URLer";
			};
			name = Debug;
		};
		7BFCD8261A7EC47A004D6F4E /* Release */ = {
			isa = XCBuildConfiguration;
			buildSettings = {
				BUNDLE_LOADER = "$(TEST_HOST)";
				FRAMEWORK_SEARCH_PATHS = (
					"$(SDKROOT)/Developer/Library/Frameworks",
					"$(inherited)",
				);
				INFOPLIST_FILE = URLerTests/Info.plist;
				LD_RUNPATH_SEARCH_PATHS = "$(inherited) @executable_path/Frameworks @loader_path/Frameworks";
				PRODUCT_NAME = "$(TARGET_NAME)";
				TEST_HOST = "$(BUILT_PRODUCTS_DIR)/URLer.app/URLer";
			};
			name = Release;
		};
/* End XCBuildConfiguration section */

/* Begin XCConfigurationList section */
		7BFCD7FA1A7EC47A004D6F4E /* Build configuration list for PBXProject "URLer" */ = {
			isa = XCConfigurationList;
			buildConfigurations = (
				7BFCD81F1A7EC47A004D6F4E /* Debug */,
				7BFCD8201A7EC47A004D6F4E /* Release */,
			);
			defaultConfigurationIsVisible = 0;
			defaultConfigurationName = Release;
		};
		7BFCD8211A7EC47A004D6F4E /* Build configuration list for PBXNativeTarget "URLer" */ = {
			isa = XCConfigurationList;
			buildConfigurations = (
				7BFCD8221A7EC47A004D6F4E /* Debug */,
				7BFCD8231A7EC47A004D6F4E /* Release */,
			);
			defaultConfigurationIsVisible = 0;
			defaultConfigurationName = Release;
		};
		7BFCD8241A7EC47A004D6F4E /* Build configuration list for PBXNativeTarget "URLerTests" */ = {
			isa = XCConfigurationList;
			buildConfigurations = (
				7BFCD8251A7EC47A004D6F4E /* Debug */,
				7BFCD8261A7EC47A004D6F4E /* Release */,
			);
			defaultConfigurationIsVisible = 0;
			defaultConfigurationName = Release;
		};
/* End XCConfigurationList section */

/* Begin XCVersionGroup section */
		7BFCD8061A7EC47A004D6F4E /* URLer.xcdatamodeld */ = {
			isa = XCVersionGroup;
			children = (
				7BFCD8071A7EC47A004D6F4E /* URLer.xcdatamodel */,
			);
			currentVersion = 7BFCD8071A7EC47A004D6F4E /* URLer.xcdatamodel */;
			path = URLer.xcdatamodeld;
			sourceTree = "<group>";
			versionGroupType = wrapper.xcdatamodel;
		};
/* End XCVersionGroup section */
	};
	rootObject = 7BFCD7F71A7EC47A004D6F4E /* Project object */;
}
